// !$*UTF8*$!
{
	archiveVersion = 1;
	classes = {
	};
	objectVersion = 51;
	objects = {

/* Begin PBXBuildFile section */
		23C2DABF9614FF82DDFA433D /* Pods_Github_Repositories.framework in Frameworks */ = {isa = PBXBuildFile; fileRef = 78D26B8F6344E58C6D33C2BE /* Pods_Github_Repositories.framework */; };
		5B0D16542528DCFC0061912F /* Details.storyboard in Resources */ = {isa = PBXBuildFile; fileRef = 5B0D16532528DCFC0061912F /* Details.storyboard */; };
		5B0D16572528F1270061912F /* ErrorView.xib in Resources */ = {isa = PBXBuildFile; fileRef = 5B0D16562528F1270061912F /* ErrorView.xib */; };
		5B0D165A2528F2220061912F /* ErrorView.swift in Sources */ = {isa = PBXBuildFile; fileRef = 5B0D16592528F2220061912F /* ErrorView.swift */; };
		5B0D165D2528F3A10061912F /* UIView+fromNib.swift in Sources */ = {isa = PBXBuildFile; fileRef = 5B0D165C2528F3A10061912F /* UIView+fromNib.swift */; };
		5B0D16652529F83D0061912F /* RepoDetailsTests.swift in Sources */ = {isa = PBXBuildFile; fileRef = 5B0D16642529F83D0061912F /* RepoDetailsTests.swift */; };
		5B159175252753F4005557E4 /* AppDelegate.swift in Sources */ = {isa = PBXBuildFile; fileRef = 5B159174252753F4005557E4 /* AppDelegate.swift */; };
		5B159177252753F4005557E4 /* SceneDelegate.swift in Sources */ = {isa = PBXBuildFile; fileRef = 5B159176252753F4005557E4 /* SceneDelegate.swift */; };
		5B159179252753F4005557E4 /* RepositoriesViewController.swift in Sources */ = {isa = PBXBuildFile; fileRef = 5B159178252753F4005557E4 /* RepositoriesViewController.swift */; };
		5B15917C252753F4005557E4 /* Main.storyboard in Resources */ = {isa = PBXBuildFile; fileRef = 5B15917A252753F4005557E4 /* Main.storyboard */; };
		5B15917E252753F9005557E4 /* Assets.xcassets in Resources */ = {isa = PBXBuildFile; fileRef = 5B15917D252753F9005557E4 /* Assets.xcassets */; };
		5B159181252753F9005557E4 /* LaunchScreen.storyboard in Resources */ = {isa = PBXBuildFile; fileRef = 5B15917F252753F9005557E4 /* LaunchScreen.storyboard */; };
		5B15918C252753F9005557E4 /* RepositoriesTests.swift in Sources */ = {isa = PBXBuildFile; fileRef = 5B15918B252753F9005557E4 /* RepositoriesTests.swift */; };
		5B15919A25275508005557E4 /* GithubRepoService.m in Sources */ = {isa = PBXBuildFile; fileRef = 5B15919925275508005557E4 /* GithubRepoService.m */; };
		5B15919C2527ACBE005557E4 /* RepositoriesViewModel.swift in Sources */ = {isa = PBXBuildFile; fileRef = 5B15919B2527ACBD005557E4 /* RepositoriesViewModel.swift */; };
		5B15919F2527B2EA005557E4 /* Repository.swift in Sources */ = {isa = PBXBuildFile; fileRef = 5B15919E2527B2EA005557E4 /* Repository.swift */; };
		5B1591A12527B402005557E4 /* Owner.swift in Sources */ = {isa = PBXBuildFile; fileRef = 5B1591A02527B402005557E4 /* Owner.swift */; };
		5B1591A42527BADA005557E4 /* ENV.swift in Sources */ = {isa = PBXBuildFile; fileRef = 5B1591A32527BADA005557E4 /* ENV.swift */; };
		5B1591A62527BFBB005557E4 /* ViewModelDelegate.swift in Sources */ = {isa = PBXBuildFile; fileRef = 5B1591A52527BFBB005557E4 /* ViewModelDelegate.swift */; };
		5B1591A82527D0C3005557E4 /* FetchingMode.swift in Sources */ = {isa = PBXBuildFile; fileRef = 5B1591A72527D0C3005557E4 /* FetchingMode.swift */; };
		5B1591AC2527E4FC005557E4 /* RepoViewCell.swift in Sources */ = {isa = PBXBuildFile; fileRef = 5B1591AA2527E4FC005557E4 /* RepoViewCell.swift */; };
		5B1591AD2527E4FC005557E4 /* RepoViewCell.xib in Resources */ = {isa = PBXBuildFile; fileRef = 5B1591AB2527E4FC005557E4 /* RepoViewCell.xib */; };
		5B1591B1252812FB005557E4 /* DetailsViewController.swift in Sources */ = {isa = PBXBuildFile; fileRef = 5B1591B0252812FB005557E4 /* DetailsViewController.swift */; };
		5B1591B325289FC5005557E4 /* DetailsViewDataSource.swift in Sources */ = {isa = PBXBuildFile; fileRef = 5B1591B225289FC5005557E4 /* DetailsViewDataSource.swift */; };
		5B1591B52528AB1F005557E4 /* DetailsViewModel.swift in Sources */ = {isa = PBXBuildFile; fileRef = 5B1591B42528AB1F005557E4 /* DetailsViewModel.swift */; };
		5B1591B72528AD73005557E4 /* User.swift in Sources */ = {isa = PBXBuildFile; fileRef = 5B1591B62528AD73005557E4 /* User.swift */; };
		E6D97F086C06615B25057CC7 /* Pods_Github_RepositoriesTests.framework in Frameworks */ = {isa = PBXBuildFile; fileRef = E6CD95EDC6BD0D01424ACD39 /* Pods_Github_RepositoriesTests.framework */; };
/* End PBXBuildFile section */

/* Begin PBXContainerItemProxy section */
		5B159188252753F9005557E4 /* PBXContainerItemProxy */ = {
			isa = PBXContainerItemProxy;
			containerPortal = 5B159169252753F4005557E4 /* Project object */;
			proxyType = 1;
			remoteGlobalIDString = 5B159170252753F4005557E4;
			remoteInfo = "Github Repositories";
		};
/* End PBXContainerItemProxy section */

/* Begin PBXFileReference section */
		5B0D16532528DCFC0061912F /* Details.storyboard */ = {isa = PBXFileReference; lastKnownFileType = file.storyboard; path = Details.storyboard; sourceTree = "<group>"; };
		5B0D16562528F1270061912F /* ErrorView.xib */ = {isa = PBXFileReference; lastKnownFileType = file.xib; path = ErrorView.xib; sourceTree = "<group>"; };
		5B0D16592528F2220061912F /* ErrorView.swift */ = {isa = PBXFileReference; lastKnownFileType = sourcecode.swift; path = ErrorView.swift; sourceTree = "<group>"; };
		5B0D165C2528F3A10061912F /* UIView+fromNib.swift */ = {isa = PBXFileReference; lastKnownFileType = sourcecode.swift; path = "UIView+fromNib.swift"; sourceTree = "<group>"; };
		5B0D16632529BC130061912F /* RepoServiceProtocol.h */ = {isa = PBXFileReference; lastKnownFileType = sourcecode.c.h; path = RepoServiceProtocol.h; sourceTree = "<group>"; };
		5B0D16642529F83D0061912F /* RepoDetailsTests.swift */ = {isa = PBXFileReference; lastKnownFileType = sourcecode.swift; path = RepoDetailsTests.swift; sourceTree = "<group>"; };
		5B159171252753F4005557E4 /* Github Repositories.app */ = {isa = PBXFileReference; explicitFileType = wrapper.application; includeInIndex = 0; path = "Github Repositories.app"; sourceTree = BUILT_PRODUCTS_DIR; };
		5B159174252753F4005557E4 /* AppDelegate.swift */ = {isa = PBXFileReference; lastKnownFileType = sourcecode.swift; path = AppDelegate.swift; sourceTree = "<group>"; };
		5B159176252753F4005557E4 /* SceneDelegate.swift */ = {isa = PBXFileReference; lastKnownFileType = sourcecode.swift; path = SceneDelegate.swift; sourceTree = "<group>"; };
		5B159178252753F4005557E4 /* RepositoriesViewController.swift */ = {isa = PBXFileReference; lastKnownFileType = sourcecode.swift; path = RepositoriesViewController.swift; sourceTree = "<group>"; };
		5B15917B252753F4005557E4 /* Base */ = {isa = PBXFileReference; lastKnownFileType = file.storyboard; name = Base; path = Base.lproj/Main.storyboard; sourceTree = "<group>"; };
		5B15917D252753F9005557E4 /* Assets.xcassets */ = {isa = PBXFileReference; lastKnownFileType = folder.assetcatalog; path = Assets.xcassets; sourceTree = "<group>"; };
		5B159180252753F9005557E4 /* Base */ = {isa = PBXFileReference; lastKnownFileType = file.storyboard; name = Base; path = Base.lproj/LaunchScreen.storyboard; sourceTree = "<group>"; };
		5B159182252753F9005557E4 /* Info.plist */ = {isa = PBXFileReference; lastKnownFileType = text.plist.xml; path = Info.plist; sourceTree = "<group>"; };
		5B159187252753F9005557E4 /* Github RepositoriesTests.xctest */ = {isa = PBXFileReference; explicitFileType = wrapper.cfbundle; includeInIndex = 0; path = "Github RepositoriesTests.xctest"; sourceTree = BUILT_PRODUCTS_DIR; };
		5B15918B252753F9005557E4 /* RepositoriesTests.swift */ = {isa = PBXFileReference; lastKnownFileType = sourcecode.swift; path = RepositoriesTests.swift; sourceTree = "<group>"; };
		5B15918D252753F9005557E4 /* Info.plist */ = {isa = PBXFileReference; lastKnownFileType = text.plist.xml; path = Info.plist; sourceTree = "<group>"; };
		5B15919725275508005557E4 /* Github Repositories-Bridging-Header.h */ = {isa = PBXFileReference; lastKnownFileType = sourcecode.c.h; path = "Github Repositories-Bridging-Header.h"; sourceTree = "<group>"; };
		5B15919825275508005557E4 /* GithubRepoService.h */ = {isa = PBXFileReference; lastKnownFileType = sourcecode.c.h; path = GithubRepoService.h; sourceTree = "<group>"; };
		5B15919925275508005557E4 /* GithubRepoService.m */ = {isa = PBXFileReference; lastKnownFileType = sourcecode.c.objc; path = GithubRepoService.m; sourceTree = "<group>"; };
		5B15919B2527ACBD005557E4 /* RepositoriesViewModel.swift */ = {isa = PBXFileReference; lastKnownFileType = sourcecode.swift; path = RepositoriesViewModel.swift; sourceTree = "<group>"; };
		5B15919E2527B2EA005557E4 /* Repository.swift */ = {isa = PBXFileReference; lastKnownFileType = sourcecode.swift; path = Repository.swift; sourceTree = "<group>"; };
		5B1591A02527B402005557E4 /* Owner.swift */ = {isa = PBXFileReference; lastKnownFileType = sourcecode.swift; path = Owner.swift; sourceTree = "<group>"; };
		5B1591A32527BADA005557E4 /* ENV.swift */ = {isa = PBXFileReference; lastKnownFileType = sourcecode.swift; path = ENV.swift; sourceTree = "<group>"; };
		5B1591A52527BFBB005557E4 /* ViewModelDelegate.swift */ = {isa = PBXFileReference; lastKnownFileType = sourcecode.swift; path = ViewModelDelegate.swift; sourceTree = "<group>"; };
		5B1591A72527D0C3005557E4 /* FetchingMode.swift */ = {isa = PBXFileReference; lastKnownFileType = sourcecode.swift; path = FetchingMode.swift; sourceTree = "<group>"; };
		5B1591AA2527E4FC005557E4 /* RepoViewCell.swift */ = {isa = PBXFileReference; lastKnownFileType = sourcecode.swift; path = RepoViewCell.swift; sourceTree = "<group>"; };
		5B1591AB2527E4FC005557E4 /* RepoViewCell.xib */ = {isa = PBXFileReference; lastKnownFileType = file.xib; path = RepoViewCell.xib; sourceTree = "<group>"; };
		5B1591B0252812FB005557E4 /* DetailsViewController.swift */ = {isa = PBXFileReference; lastKnownFileType = sourcecode.swift; path = DetailsViewController.swift; sourceTree = "<group>"; };
		5B1591B225289FC5005557E4 /* DetailsViewDataSource.swift */ = {isa = PBXFileReference; lastKnownFileType = sourcecode.swift; path = DetailsViewDataSource.swift; sourceTree = "<group>"; };
		5B1591B42528AB1F005557E4 /* DetailsViewModel.swift */ = {isa = PBXFileReference; lastKnownFileType = sourcecode.swift; path = DetailsViewModel.swift; sourceTree = "<group>"; };
		5B1591B62528AD73005557E4 /* User.swift */ = {isa = PBXFileReference; lastKnownFileType = sourcecode.swift; path = User.swift; sourceTree = "<group>"; };
		737439D7FA8D5A259741F715 /* Pods-Github RepositoriesTests.release.xcconfig */ = {isa = PBXFileReference; includeInIndex = 1; lastKnownFileType = text.xcconfig; name = "Pods-Github RepositoriesTests.release.xcconfig"; path = "Target Support Files/Pods-Github RepositoriesTests/Pods-Github RepositoriesTests.release.xcconfig"; sourceTree = "<group>"; };
		78D26B8F6344E58C6D33C2BE /* Pods_Github_Repositories.framework */ = {isa = PBXFileReference; explicitFileType = wrapper.framework; includeInIndex = 0; path = Pods_Github_Repositories.framework; sourceTree = BUILT_PRODUCTS_DIR; };
		C3FEF81D3DE2190EA2222061 /* Pods-Github RepositoriesTests.debug.xcconfig */ = {isa = PBXFileReference; includeInIndex = 1; lastKnownFileType = text.xcconfig; name = "Pods-Github RepositoriesTests.debug.xcconfig"; path = "Target Support Files/Pods-Github RepositoriesTests/Pods-Github RepositoriesTests.debug.xcconfig"; sourceTree = "<group>"; };
		D8AD7683418A4C78D185B0CC /* Pods-Github Repositories.release.xcconfig */ = {isa = PBXFileReference; includeInIndex = 1; lastKnownFileType = text.xcconfig; name = "Pods-Github Repositories.release.xcconfig"; path = "Target Support Files/Pods-Github Repositories/Pods-Github Repositories.release.xcconfig"; sourceTree = "<group>"; };
		D8D5E05C9E569522E3735689 /* Pods-Github Repositories.debug.xcconfig */ = {isa = PBXFileReference; includeInIndex = 1; lastKnownFileType = text.xcconfig; name = "Pods-Github Repositories.debug.xcconfig"; path = "Target Support Files/Pods-Github Repositories/Pods-Github Repositories.debug.xcconfig"; sourceTree = "<group>"; };
		E6CD95EDC6BD0D01424ACD39 /* Pods_Github_RepositoriesTests.framework */ = {isa = PBXFileReference; explicitFileType = wrapper.framework; includeInIndex = 0; path = Pods_Github_RepositoriesTests.framework; sourceTree = BUILT_PRODUCTS_DIR; };
/* End PBXFileReference section */

/* Begin PBXFrameworksBuildPhase section */
		5B15916E252753F4005557E4 /* Frameworks */ = {
			isa = PBXFrameworksBuildPhase;
			buildActionMask = 2147483647;
			files = (
				23C2DABF9614FF82DDFA433D /* Pods_Github_Repositories.framework in Frameworks */,
			);
			runOnlyForDeploymentPostprocessing = 0;
		};
		5B159184252753F9005557E4 /* Frameworks */ = {
			isa = PBXFrameworksBuildPhase;
			buildActionMask = 2147483647;
			files = (
				E6D97F086C06615B25057CC7 /* Pods_Github_RepositoriesTests.framework in Frameworks */,
			);
			runOnlyForDeploymentPostprocessing = 0;
		};
/* End PBXFrameworksBuildPhase section */

/* Begin PBXGroup section */
		5B0D16522528DCC50061912F /* Storyboard */ = {
			isa = PBXGroup;
			children = (
				5B15917A252753F4005557E4 /* Main.storyboard */,
				5B0D16532528DCFC0061912F /* Details.storyboard */,
			);
			path = Storyboard;
			sourceTree = "<group>";
		};
		5B0D16552528F0CF0061912F /* Custom Cells */ = {
			isa = PBXGroup;
			children = (
				5B1591AA2527E4FC005557E4 /* RepoViewCell.swift */,
				5B1591AB2527E4FC005557E4 /* RepoViewCell.xib */,
			);
			path = "Custom Cells";
			sourceTree = "<group>";
		};
		5B0D16582528F1FA0061912F /* Error View */ = {
			isa = PBXGroup;
			children = (
				5B0D16562528F1270061912F /* ErrorView.xib */,
				5B0D16592528F2220061912F /* ErrorView.swift */,
			);
			path = "Error View";
			sourceTree = "<group>";
		};
		5B0D165B2528F3780061912F /* Extension */ = {
			isa = PBXGroup;
			children = (
				5B0D165C2528F3A10061912F /* UIView+fromNib.swift */,
			);
			path = Extension;
			sourceTree = "<group>";
		};
		5B159168252753F4005557E4 = {
			isa = PBXGroup;
			children = (
				5B159173252753F4005557E4 /* Github Repositories */,
				5B15918A252753F9005557E4 /* Github RepositoriesTests */,
				5B159172252753F4005557E4 /* Products */,
				BC9496AEDC120F3D018E48FB /* Pods */,
				E2A19634DB7BD5A68CA7D38F /* Frameworks */,
			);
			sourceTree = "<group>";
		};
		5B159172252753F4005557E4 /* Products */ = {
			isa = PBXGroup;
			children = (
				5B159171252753F4005557E4 /* Github Repositories.app */,
				5B159187252753F9005557E4 /* Github RepositoriesTests.xctest */,
			);
			name = Products;
			sourceTree = "<group>";
		};
		5B159173252753F4005557E4 /* Github Repositories */ = {
			isa = PBXGroup;
			children = (
				5B0D165B2528F3780061912F /* Extension */,
				5B1591A92527E48B005557E4 /* Custom Views */,
				5B1591A22527BA9A005557E4 /* Constants */,
				5B1591962527542E005557E4 /* Networking */,
				5B15919D2527B2AA005557E4 /* Response Object */,
				5B1591AE2527FD69005557E4 /* View Model */,
				5B1591AF2528129C005557E4 /* View Controllers */,
				5B0D16522528DCC50061912F /* Storyboard */,
				5B159174252753F4005557E4 /* AppDelegate.swift */,
				5B159176252753F4005557E4 /* SceneDelegate.swift */,
				5B15917D252753F9005557E4 /* Assets.xcassets */,
				5B15917F252753F9005557E4 /* LaunchScreen.storyboard */,
				5B159182252753F9005557E4 /* Info.plist */,
			);
			path = "Github Repositories";
			sourceTree = "<group>";
		};
		5B15918A252753F9005557E4 /* Github RepositoriesTests */ = {
			isa = PBXGroup;
			children = (
				5B15918B252753F9005557E4 /* RepositoriesTests.swift */,
				5B0D16642529F83D0061912F /* RepoDetailsTests.swift */,
				5B15918D252753F9005557E4 /* Info.plist */,
			);
			path = "Github RepositoriesTests";
			sourceTree = "<group>";
		};
		5B1591962527542E005557E4 /* Networking */ = {
			isa = PBXGroup;
			children = (
				5B15919825275508005557E4 /* GithubRepoService.h */,
				5B15919925275508005557E4 /* GithubRepoService.m */,
				5B15919725275508005557E4 /* Github Repositories-Bridging-Header.h */,
				5B0D16632529BC130061912F /* RepoServiceProtocol.h */,
			);
			path = Networking;
			sourceTree = "<group>";
		};
		5B15919D2527B2AA005557E4 /* Response Object */ = {
			isa = PBXGroup;
			children = (
				5B15919E2527B2EA005557E4 /* Repository.swift */,
				5B1591A02527B402005557E4 /* Owner.swift */,
				5B1591B62528AD73005557E4 /* User.swift */,
			);
			path = "Response Object";
			sourceTree = "<group>";
		};
		5B1591A22527BA9A005557E4 /* Constants */ = {
			isa = PBXGroup;
			children = (
				5B1591A32527BADA005557E4 /* ENV.swift */,
			);
			path = Constants;
			sourceTree = "<group>";
		};
		5B1591A92527E48B005557E4 /* Custom Views */ = {
			isa = PBXGroup;
			children = (
				5B0D16582528F1FA0061912F /* Error View */,
				5B0D16552528F0CF0061912F /* Custom Cells */,
			);
			path = "Custom Views";
			sourceTree = "<group>";
		};
		5B1591AE2527FD69005557E4 /* View Model */ = {
			isa = PBXGroup;
			children = (
				5B1591A52527BFBB005557E4 /* ViewModelDelegate.swift */,
				5B15919B2527ACBD005557E4 /* RepositoriesViewModel.swift */,
				5B1591A72527D0C3005557E4 /* FetchingMode.swift */,
				5B1591B42528AB1F005557E4 /* DetailsViewModel.swift */,
			);
			path = "View Model";
			sourceTree = "<group>";
		};
		5B1591AF2528129C005557E4 /* View Controllers */ = {
			isa = PBXGroup;
			children = (
				5B159178252753F4005557E4 /* RepositoriesViewController.swift */,
				5B1591B0252812FB005557E4 /* DetailsViewController.swift */,
				5B1591B225289FC5005557E4 /* DetailsViewDataSource.swift */,
			);
			path = "View Controllers";
			sourceTree = "<group>";
		};
		BC9496AEDC120F3D018E48FB /* Pods */ = {
			isa = PBXGroup;
			children = (
				D8D5E05C9E569522E3735689 /* Pods-Github Repositories.debug.xcconfig */,
				D8AD7683418A4C78D185B0CC /* Pods-Github Repositories.release.xcconfig */,
				C3FEF81D3DE2190EA2222061 /* Pods-Github RepositoriesTests.debug.xcconfig */,
				737439D7FA8D5A259741F715 /* Pods-Github RepositoriesTests.release.xcconfig */,
			);
			path = Pods;
			sourceTree = "<group>";
		};
		E2A19634DB7BD5A68CA7D38F /* Frameworks */ = {
			isa = PBXGroup;
			children = (
				78D26B8F6344E58C6D33C2BE /* Pods_Github_Repositories.framework */,
				E6CD95EDC6BD0D01424ACD39 /* Pods_Github_RepositoriesTests.framework */,
			);
			name = Frameworks;
			sourceTree = "<group>";
		};
/* End PBXGroup section */

/* Begin PBXNativeTarget section */
		5B159170252753F4005557E4 /* Github Repositories */ = {
			isa = PBXNativeTarget;
			buildConfigurationList = 5B159190252753F9005557E4 /* Build configuration list for PBXNativeTarget "Github Repositories" */;
			buildPhases = (
				B0C2A24C05A0160D0781CAF7 /* [CP] Check Pods Manifest.lock */,
				5B15916D252753F4005557E4 /* Sources */,
				5B15916E252753F4005557E4 /* Frameworks */,
				5B15916F252753F4005557E4 /* Resources */,
				4145A6A94A0E692D11449A5C /* [CP] Embed Pods Frameworks */,
			);
			buildRules = (
			);
			dependencies = (
			);
			name = "Github Repositories";
			productName = "Github Repositories";
			productReference = 5B159171252753F4005557E4 /* Github Repositories.app */;
			productType = "com.apple.product-type.application";
		};
		5B159186252753F9005557E4 /* Github RepositoriesTests */ = {
			isa = PBXNativeTarget;
			buildConfigurationList = 5B159193252753F9005557E4 /* Build configuration list for PBXNativeTarget "Github RepositoriesTests" */;
			buildPhases = (
				BE5C3ADBABFE9A8C51140BF6 /* [CP] Check Pods Manifest.lock */,
				5B159183252753F9005557E4 /* Sources */,
				5B159184252753F9005557E4 /* Frameworks */,
				5B159185252753F9005557E4 /* Resources */,
			);
			buildRules = (
			);
			dependencies = (
				5B159189252753F9005557E4 /* PBXTargetDependency */,
			);
			name = "Github RepositoriesTests";
			productName = "Github RepositoriesTests";
			productReference = 5B159187252753F9005557E4 /* Github RepositoriesTests.xctest */;
			productType = "com.apple.product-type.bundle.unit-test";
		};
/* End PBXNativeTarget section */

/* Begin PBXProject section */
		5B159169252753F4005557E4 /* Project object */ = {
			isa = PBXProject;
			attributes = {
				LastSwiftUpdateCheck = 1160;
				LastUpgradeCheck = 1160;
				ORGANIZATIONNAME = fuzzix;
				TargetAttributes = {
					5B159170252753F4005557E4 = {
						CreatedOnToolsVersion = 11.6;
						LastSwiftMigration = 1160;
					};
					5B159186252753F9005557E4 = {
						CreatedOnToolsVersion = 11.6;
						TestTargetID = 5B159170252753F4005557E4;
					};
				};
			};
			buildConfigurationList = 5B15916C252753F4005557E4 /* Build configuration list for PBXProject "Github Repositories" */;
			compatibilityVersion = "Xcode 9.3";
			developmentRegion = en;
			hasScannedForEncodings = 0;
			knownRegions = (
				en,
				Base,
			);
			mainGroup = 5B159168252753F4005557E4;
			productRefGroup = 5B159172252753F4005557E4 /* Products */;
			projectDirPath = "";
			projectRoot = "";
			targets = (
				5B159170252753F4005557E4 /* Github Repositories */,
				5B159186252753F9005557E4 /* Github RepositoriesTests */,
			);
		};
/* End PBXProject section */

/* Begin PBXResourcesBuildPhase section */
		5B15916F252753F4005557E4 /* Resources */ = {
			isa = PBXResourcesBuildPhase;
			buildActionMask = 2147483647;
			files = (
				5B0D16542528DCFC0061912F /* Details.storyboard in Resources */,
				5B159181252753F9005557E4 /* LaunchScreen.storyboard in Resources */,
				5B15917E252753F9005557E4 /* Assets.xcassets in Resources */,
				5B0D16572528F1270061912F /* ErrorView.xib in Resources */,
				5B1591AD2527E4FC005557E4 /* RepoViewCell.xib in Resources */,
				5B15917C252753F4005557E4 /* Main.storyboard in Resources */,
			);
			runOnlyForDeploymentPostprocessing = 0;
		};
		5B159185252753F9005557E4 /* Resources */ = {
			isa = PBXResourcesBuildPhase;
			buildActionMask = 2147483647;
			files = (
			);
			runOnlyForDeploymentPostprocessing = 0;
		};
/* End PBXResourcesBuildPhase section */

/* Begin PBXShellScriptBuildPhase section */
		4145A6A94A0E692D11449A5C /* [CP] Embed Pods Frameworks */ = {
			isa = PBXShellScriptBuildPhase;
			buildActionMask = 2147483647;
			files = (
			);
			inputFileListPaths = (
				"${PODS_ROOT}/Target Support Files/Pods-Github Repositories/Pods-Github Repositories-frameworks-${CONFIGURATION}-input-files.xcfilelist",
			);
			name = "[CP] Embed Pods Frameworks";
			outputFileListPaths = (
				"${PODS_ROOT}/Target Support Files/Pods-Github Repositories/Pods-Github Repositories-frameworks-${CONFIGURATION}-output-files.xcfilelist",
			);
			runOnlyForDeploymentPostprocessing = 0;
			shellPath = /bin/sh;
			shellScript = "\"${PODS_ROOT}/Target Support Files/Pods-Github Repositories/Pods-Github Repositories-frameworks.sh\"\n";
			showEnvVarsInLog = 0;
		};
		B0C2A24C05A0160D0781CAF7 /* [CP] Check Pods Manifest.lock */ = {
			isa = PBXShellScriptBuildPhase;
			buildActionMask = 2147483647;
			files = (
			);
			inputFileListPaths = (
			);
			inputPaths = (
				"${PODS_PODFILE_DIR_PATH}/Podfile.lock",
				"${PODS_ROOT}/Manifest.lock",
			);
			name = "[CP] Check Pods Manifest.lock";
			outputFileListPaths = (
			);
			outputPaths = (
				"$(DERIVED_FILE_DIR)/Pods-Github Repositories-checkManifestLockResult.txt",
			);
			runOnlyForDeploymentPostprocessing = 0;
			shellPath = /bin/sh;
			shellScript = "diff \"${PODS_PODFILE_DIR_PATH}/Podfile.lock\" \"${PODS_ROOT}/Manifest.lock\" > /dev/null\nif [ $? != 0 ] ; then\n    # print error to STDERR\n    echo \"error: The sandbox is not in sync with the Podfile.lock. Run 'pod install' or update your CocoaPods installation.\" >&2\n    exit 1\nfi\n# This output is used by Xcode 'outputs' to avoid re-running this script phase.\necho \"SUCCESS\" > \"${SCRIPT_OUTPUT_FILE_0}\"\n";
			showEnvVarsInLog = 0;
		};
		BE5C3ADBABFE9A8C51140BF6 /* [CP] Check Pods Manifest.lock */ = {
			isa = PBXShellScriptBuildPhase;
			buildActionMask = 2147483647;
			files = (
			);
			inputFileListPaths = (
			);
			inputPaths = (
				"${PODS_PODFILE_DIR_PATH}/Podfile.lock",
				"${PODS_ROOT}/Manifest.lock",
			);
			name = "[CP] Check Pods Manifest.lock";
			outputFileListPaths = (
			);
			outputPaths = (
				"$(DERIVED_FILE_DIR)/Pods-Github RepositoriesTests-checkManifestLockResult.txt",
			);
			runOnlyForDeploymentPostprocessing = 0;
			shellPath = /bin/sh;
			shellScript = "diff \"${PODS_PODFILE_DIR_PATH}/Podfile.lock\" \"${PODS_ROOT}/Manifest.lock\" > /dev/null\nif [ $? != 0 ] ; then\n    # print error to STDERR\n    echo \"error: The sandbox is not in sync with the Podfile.lock. Run 'pod install' or update your CocoaPods installation.\" >&2\n    exit 1\nfi\n# This output is used by Xcode 'outputs' to avoid re-running this script phase.\necho \"SUCCESS\" > \"${SCRIPT_OUTPUT_FILE_0}\"\n";
			showEnvVarsInLog = 0;
		};
/* End PBXShellScriptBuildPhase section */

/* Begin PBXSourcesBuildPhase section */
		5B15916D252753F4005557E4 /* Sources */ = {
			isa = PBXSourcesBuildPhase;
			buildActionMask = 2147483647;
			files = (
				5B15919F2527B2EA005557E4 /* Repository.swift in Sources */,
				5B0D165D2528F3A10061912F /* UIView+fromNib.swift in Sources */,
				5B1591A62527BFBB005557E4 /* ViewModelDelegate.swift in Sources */,
				5B15919A25275508005557E4 /* GithubRepoService.m in Sources */,
				5B1591B325289FC5005557E4 /* DetailsViewDataSource.swift in Sources */,
				5B1591A12527B402005557E4 /* Owner.swift in Sources */,
				5B159179252753F4005557E4 /* RepositoriesViewController.swift in Sources */,
				5B1591AC2527E4FC005557E4 /* RepoViewCell.swift in Sources */,
				5B159175252753F4005557E4 /* AppDelegate.swift in Sources */,
				5B1591B72528AD73005557E4 /* User.swift in Sources */,
				5B1591A42527BADA005557E4 /* ENV.swift in Sources */,
				5B15919C2527ACBE005557E4 /* RepositoriesViewModel.swift in Sources */,
				5B1591A82527D0C3005557E4 /* FetchingMode.swift in Sources */,
				5B1591B52528AB1F005557E4 /* DetailsViewModel.swift in Sources */,
				5B159177252753F4005557E4 /* SceneDelegate.swift in Sources */,
				5B1591B1252812FB005557E4 /* DetailsViewController.swift in Sources */,
				5B0D165A2528F2220061912F /* ErrorView.swift in Sources */,
			);
			runOnlyForDeploymentPostprocessing = 0;
		};
		5B159183252753F9005557E4 /* Sources */ = {
			isa = PBXSourcesBuildPhase;
			buildActionMask = 2147483647;
			files = (
				5B0D16652529F83D0061912F /* RepoDetailsTests.swift in Sources */,
				5B15918C252753F9005557E4 /* RepositoriesTests.swift in Sources */,
			);
			runOnlyForDeploymentPostprocessing = 0;
		};
/* End PBXSourcesBuildPhase section */

/* Begin PBXTargetDependency section */
		5B159189252753F9005557E4 /* PBXTargetDependency */ = {
			isa = PBXTargetDependency;
			target = 5B159170252753F4005557E4 /* Github Repositories */;
			targetProxy = 5B159188252753F9005557E4 /* PBXContainerItemProxy */;
		};
/* End PBXTargetDependency section */

/* Begin PBXVariantGroup section */
		5B15917A252753F4005557E4 /* Main.storyboard */ = {
			isa = PBXVariantGroup;
			children = (
				5B15917B252753F4005557E4 /* Base */,
			);
			name = Main.storyboard;
			sourceTree = "<group>";
		};
		5B15917F252753F9005557E4 /* LaunchScreen.storyboard */ = {
			isa = PBXVariantGroup;
			children = (
				5B159180252753F9005557E4 /* Base */,
			);
			name = LaunchScreen.storyboard;
			sourceTree = "<group>";
		};
/* End PBXVariantGroup section */

/* Begin XCBuildConfiguration section */
		5B15918E252753F9005557E4 /* Debug */ = {
			isa = XCBuildConfiguration;
			buildSettings = {
				ALWAYS_SEARCH_USER_PATHS = NO;
				CLANG_ANALYZER_NONNULL = YES;
				CLANG_ANALYZER_NUMBER_OBJECT_CONVERSION = YES_AGGRESSIVE;
				CLANG_CXX_LANGUAGE_STANDARD = "gnu++14";
				CLANG_CXX_LIBRARY = "libc++";
				CLANG_ENABLE_MODULES = YES;
				CLANG_ENABLE_OBJC_ARC = YES;
				CLANG_ENABLE_OBJC_WEAK = YES;
				CLANG_WARN_BLOCK_CAPTURE_AUTORELEASING = YES;
				CLANG_WARN_BOOL_CONVERSION = YES;
				CLANG_WARN_COMMA = YES;
				CLANG_WARN_CONSTANT_CONVERSION = YES;
				CLANG_WARN_DEPRECATED_OBJC_IMPLEMENTATIONS = YES;
				CLANG_WARN_DIRECT_OBJC_ISA_USAGE = YES_ERROR;
				CLANG_WARN_DOCUMENTATION_COMMENTS = YES;
				CLANG_WARN_EMPTY_BODY = YES;
				CLANG_WARN_ENUM_CONVERSION = YES;
				CLANG_WARN_INFINITE_RECURSION = YES;
				CLANG_WARN_INT_CONVERSION = YES;
				CLANG_WARN_NON_LITERAL_NULL_CONVERSION = YES;
				CLANG_WARN_OBJC_IMPLICIT_RETAIN_SELF = YES;
				CLANG_WARN_OBJC_LITERAL_CONVERSION = YES;
				CLANG_WARN_OBJC_ROOT_CLASS = YES_ERROR;
				CLANG_WARN_RANGE_LOOP_ANALYSIS = YES;
				CLANG_WARN_STRICT_PROTOTYPES = YES;
				CLANG_WARN_SUSPICIOUS_MOVE = YES;
				CLANG_WARN_UNGUARDED_AVAILABILITY = YES_AGGRESSIVE;
				CLANG_WARN_UNREACHABLE_CODE = YES;
				CLANG_WARN__DUPLICATE_METHOD_MATCH = YES;
				COPY_PHASE_STRIP = NO;
				DEBUG_INFORMATION_FORMAT = dwarf;
				ENABLE_STRICT_OBJC_MSGSEND = YES;
				ENABLE_TESTABILITY = YES;
				GCC_C_LANGUAGE_STANDARD = gnu11;
				GCC_DYNAMIC_NO_PIC = NO;
				GCC_NO_COMMON_BLOCKS = YES;
				GCC_OPTIMIZATION_LEVEL = 0;
				GCC_PREPROCESSOR_DEFINITIONS = (
					"DEBUG=1",
					"$(inherited)",
				);
				GCC_WARN_64_TO_32_BIT_CONVERSION = YES;
				GCC_WARN_ABOUT_RETURN_TYPE = YES_ERROR;
				GCC_WARN_UNDECLARED_SELECTOR = YES;
				GCC_WARN_UNINITIALIZED_AUTOS = YES_AGGRESSIVE;
				GCC_WARN_UNUSED_FUNCTION = YES;
				GCC_WARN_UNUSED_VARIABLE = YES;
				IPHONEOS_DEPLOYMENT_TARGET = 13.6;
				MTL_ENABLE_DEBUG_INFO = INCLUDE_SOURCE;
				MTL_FAST_MATH = YES;
				ONLY_ACTIVE_ARCH = YES;
				SDKROOT = iphoneos;
				SWIFT_ACTIVE_COMPILATION_CONDITIONS = DEBUG;
				SWIFT_OPTIMIZATION_LEVEL = "-Onone";
			};
			name = Debug;
		};
		5B15918F252753F9005557E4 /* Release */ = {
			isa = XCBuildConfiguration;
			buildSettings = {
				ALWAYS_SEARCH_USER_PATHS = NO;
				CLANG_ANALYZER_NONNULL = YES;
				CLANG_ANALYZER_NUMBER_OBJECT_CONVERSION = YES_AGGRESSIVE;
				CLANG_CXX_LANGUAGE_STANDARD = "gnu++14";
				CLANG_CXX_LIBRARY = "libc++";
				CLANG_ENABLE_MODULES = YES;
				CLANG_ENABLE_OBJC_ARC = YES;
				CLANG_ENABLE_OBJC_WEAK = YES;
				CLANG_WARN_BLOCK_CAPTURE_AUTORELEASING = YES;
				CLANG_WARN_BOOL_CONVERSION = YES;
				CLANG_WARN_COMMA = YES;
				CLANG_WARN_CONSTANT_CONVERSION = YES;
				CLANG_WARN_DEPRECATED_OBJC_IMPLEMENTATIONS = YES;
				CLANG_WARN_DIRECT_OBJC_ISA_USAGE = YES_ERROR;
				CLANG_WARN_DOCUMENTATION_COMMENTS = YES;
				CLANG_WARN_EMPTY_BODY = YES;
				CLANG_WARN_ENUM_CONVERSION = YES;
				CLANG_WARN_INFINITE_RECURSION = YES;
				CLANG_WARN_INT_CONVERSION = YES;
				CLANG_WARN_NON_LITERAL_NULL_CONVERSION = YES;
				CLANG_WARN_OBJC_IMPLICIT_RETAIN_SELF = YES;
				CLANG_WARN_OBJC_LITERAL_CONVERSION = YES;
				CLANG_WARN_OBJC_ROOT_CLASS = YES_ERROR;
				CLANG_WARN_RANGE_LOOP_ANALYSIS = YES;
				CLANG_WARN_STRICT_PROTOTYPES = YES;
				CLANG_WARN_SUSPICIOUS_MOVE = YES;
				CLANG_WARN_UNGUARDED_AVAILABILITY = YES_AGGRESSIVE;
				CLANG_WARN_UNREACHABLE_CODE = YES;
				CLANG_WARN__DUPLICATE_METHOD_MATCH = YES;
				COPY_PHASE_STRIP = NO;
				DEBUG_INFORMATION_FORMAT = "dwarf-with-dsym";
				ENABLE_NS_ASSERTIONS = NO;
				ENABLE_STRICT_OBJC_MSGSEND = YES;
				GCC_C_LANGUAGE_STANDARD = gnu11;
				GCC_NO_COMMON_BLOCKS = YES;
				GCC_WARN_64_TO_32_BIT_CONVERSION = YES;
				GCC_WARN_ABOUT_RETURN_TYPE = YES_ERROR;
				GCC_WARN_UNDECLARED_SELECTOR = YES;
				GCC_WARN_UNINITIALIZED_AUTOS = YES_AGGRESSIVE;
				GCC_WARN_UNUSED_FUNCTION = YES;
				GCC_WARN_UNUSED_VARIABLE = YES;
				IPHONEOS_DEPLOYMENT_TARGET = 13.6;
				MTL_ENABLE_DEBUG_INFO = NO;
				MTL_FAST_MATH = YES;
				SDKROOT = iphoneos;
				SWIFT_COMPILATION_MODE = wholemodule;
				SWIFT_OPTIMIZATION_LEVEL = "-O";
				VALIDATE_PRODUCT = YES;
			};
			name = Release;
		};
		5B159191252753F9005557E4 /* Debug */ = {
			isa = XCBuildConfiguration;
			baseConfigurationReference = D8D5E05C9E569522E3735689 /* Pods-Github Repositories.debug.xcconfig */;
			buildSettings = {
				ASSETCATALOG_COMPILER_APPICON_NAME = AppIcon;
				CLANG_ENABLE_MODULES = YES;
				CODE_SIGN_STYLE = Automatic;
				DEVELOPMENT_TEAM = F7RWFZ45WK;
				INFOPLIST_FILE = "Github Repositories/Info.plist";
				LD_RUNPATH_SEARCH_PATHS = (
					"$(inherited)",
					"@executable_path/Frameworks",
				);
				PRODUCT_BUNDLE_IDENTIFIER = "com.fuzzix.Github-Repositories";
				PRODUCT_NAME = "$(TARGET_NAME)";
				SWIFT_OBJC_BRIDGING_HEADER = "Github Repositories/Networking/Github Repositories-Bridging-Header.h";
				SWIFT_OPTIMIZATION_LEVEL = "-Onone";
				SWIFT_VERSION = 5.0;
				TARGETED_DEVICE_FAMILY = "1,2";
			};
			name = Debug;
		};
		5B159192252753F9005557E4 /* Release */ = {
			isa = XCBuildConfiguration;
			baseConfigurationReference = D8AD7683418A4C78D185B0CC /* Pods-Github Repositories.release.xcconfig */;
			buildSettings = {
				ASSETCATALOG_COMPILER_APPICON_NAME = AppIcon;
				CLANG_ENABLE_MODULES = YES;
				CODE_SIGN_STYLE = Automatic;
				DEVELOPMENT_TEAM = F7RWFZ45WK;
				INFOPLIST_FILE = "Github Repositories/Info.plist";
				LD_RUNPATH_SEARCH_PATHS = (
					"$(inherited)",
					"@executable_path/Frameworks",
				);
				PRODUCT_BUNDLE_IDENTIFIER = "com.fuzzix.Github-Repositories";
				PRODUCT_NAME = "$(TARGET_NAME)";
				SWIFT_OBJC_BRIDGING_HEADER = "Github Repositories/Networking/Github Repositories-Bridging-Header.h";
				SWIFT_VERSION = 5.0;
				TARGETED_DEVICE_FAMILY = "1,2";
			};
			name = Release;
		};
		5B159194252753F9005557E4 /* Debug */ = {
			isa = XCBuildConfiguration;
			baseConfigurationReference = C3FEF81D3DE2190EA2222061 /* Pods-Github RepositoriesTests.debug.xcconfig */;
			buildSettings = {
				ALWAYS_EMBED_SWIFT_STANDARD_LIBRARIES = YES;
				BUNDLE_LOADER = "$(TEST_HOST)";
				CODE_SIGN_STYLE = Automatic;
				DEVELOPMENT_TEAM = F7RWFZ45WK;
				INFOPLIST_FILE = "Github RepositoriesTests/Info.plist";
				IPHONEOS_DEPLOYMENT_TARGET = 13.6;
				LD_RUNPATH_SEARCH_PATHS = (
					"$(inherited)",
					"@executable_path/Frameworks",
					"@loader_path/Frameworks",
				);
				PRODUCT_BUNDLE_IDENTIFIER = "com.fuzzix.Github-RepositoriesTests";
				PRODUCT_NAME = "$(TARGET_NAME)";
				SWIFT_VERSION = 5.0;
				TARGETED_DEVICE_FAMILY = "1,2";
				TEST_HOST = "$(BUILT_PRODUCTS_DIR)/Github Repositories.app/Github Repositories";
			};
			name = Debug;
		};
		5B159195252753F9005557E4 /* Release */ = {
			isa = XCBuildConfiguration;
			baseConfigurationReference = 737439D7FA8D5A259741F715 /* Pods-Github RepositoriesTests.release.xcconfig */;
			buildSettings = {
				ALWAYS_EMBED_SWIFT_STANDARD_LIBRARIES = YES;
				BUNDLE_LOADER = "$(TEST_HOST)";
				CODE_SIGN_STYLE = Automatic;
				DEVELOPMENT_TEAM = F7RWFZ45WK;
				INFOPLIST_FILE = "Github RepositoriesTests/Info.plist";
				IPHONEOS_DEPLOYMENT_TARGET = 13.6;
				LD_RUNPATH_SEARCH_PATHS = (
					"$(inherited)",
					"@executable_path/Frameworks",
					"@loader_path/Frameworks",
				);
				PRODUCT_BUNDLE_IDENTIFIER = "com.fuzzix.Github-RepositoriesTests";
				PRODUCT_NAME = "$(TARGET_NAME)";
				SWIFT_VERSION = 5.0;
				TARGETED_DEVICE_FAMILY = "1,2";
				TEST_HOST = "$(BUILT_PRODUCTS_DIR)/Github Repositories.app/Github Repositories";
			};
			name = Release;
		};
/* End XCBuildConfiguration section */

/* Begin XCConfigurationList section */
		5B15916C252753F4005557E4 /* Build configuration list for PBXProject "Github Repositories" */ = {
			isa = XCConfigurationList;
			buildConfigurations = (
				5B15918E252753F9005557E4 /* Debug */,
				5B15918F252753F9005557E4 /* Release */,
			);
			defaultConfigurationIsVisible = 0;
			defaultConfigurationName = Release;
		};
		5B159190252753F9005557E4 /* Build configuration list for PBXNativeTarget "Github Repositories" */ = {
			isa = XCConfigurationList;
			buildConfigurations = (
				5B159191252753F9005557E4 /* Debug */,
				5B159192252753F9005557E4 /* Release */,
			);
			defaultConfigurationIsVisible = 0;
			defaultConfigurationName = Release;
		};
		5B159193252753F9005557E4 /* Build configuration list for PBXNativeTarget "Github RepositoriesTests" */ = {
			isa = XCConfigurationList;
			buildConfigurations = (
				5B159194252753F9005557E4 /* Debug */,
				5B159195252753F9005557E4 /* Release */,
			);
			defaultConfigurationIsVisible = 0;
			defaultConfigurationName = Release;
		};
/* End XCConfigurationList section */
	};
	rootObject = 5B159169252753F4005557E4 /* Project object */;
}
